// !$*UTF8*$!
{
	archiveVersion = 1;
	classes = {
	};
	objectVersion = 46;
	objects = {

/* Begin PBXBuildFile section */
		764D2571F7918BD53812CA2F /* libPods-DuDou.a in Frameworks */ = {isa = PBXBuildFile; fileRef = C629C30871D8614D5E1AC51E /* libPods-DuDou.a */; };
		8A09AE621EE64C160088DE47 /* AddWhiteListController.m in Sources */ = {isa = PBXBuildFile; fileRef = 8A09AE601EE64C160088DE47 /* AddWhiteListController.m */; };
		8A09AE631EE64C160088DE47 /* AddWhiteListController.xib in Resources */ = {isa = PBXBuildFile; fileRef = 8A09AE611EE64C160088DE47 /* AddWhiteListController.xib */; };
		8A0E17E01EE58F1800A02DFA /* DataCenter.m in Sources */ = {isa = PBXBuildFile; fileRef = 8A0E17DF1EE58F1800A02DFA /* DataCenter.m */; };
		8A0E17E31EE5B59800A02DFA /* Student.m in Sources */ = {isa = PBXBuildFile; fileRef = 8A0E17E21EE5B59800A02DFA /* Student.m */; };
		8A0E17E61EE5B6A200A02DFA /* UIView+YLCategory.m in Sources */ = {isa = PBXBuildFile; fileRef = 8A0E17E51EE5B6A200A02DFA /* UIView+YLCategory.m */; };
		8A0E18001EE5BDFB00A02DFA /* NIDropDown.m in Sources */ = {isa = PBXBuildFile; fileRef = 8A0E17FF1EE5BDFB00A02DFA /* NIDropDown.m */; };
		8A0E18031EE5D88000A02DFA /* NSString+YLCategory.m in Sources */ = {isa = PBXBuildFile; fileRef = 8A0E18021EE5D88000A02DFA /* NSString+YLCategory.m */; };
		8A0E18061EE5DFAC00A02DFA /* Record.m in Sources */ = {isa = PBXBuildFile; fileRef = 8A0E18051EE5DFAC00A02DFA /* Record.m */; };
		8A0E18091EE5E54800A02DFA /* Relative.m in Sources */ = {isa = PBXBuildFile; fileRef = 8A0E18081EE5E54800A02DFA /* Relative.m */; };
		8A0E180D1EE5E70300A02DFA /* CommonTableViewCell.m in Sources */ = {isa = PBXBuildFile; fileRef = 8A0E180B1EE5E70300A02DFA /* CommonTableViewCell.m */; };
		8A0E180E1EE5E70300A02DFA /* CommonTableViewCell.xib in Resources */ = {isa = PBXBuildFile; fileRef = 8A0E180C1EE5E70300A02DFA /* CommonTableViewCell.xib */; };
		8A51919C1EE5023300F37A3B /* main.m in Sources */ = {isa = PBXBuildFile; fileRef = 8A51919B1EE5023300F37A3B /* main.m */; };
		8A51919F1EE5023300F37A3B /* AppDelegate.m in Sources */ = {isa = PBXBuildFile; fileRef = 8A51919E1EE5023300F37A3B /* AppDelegate.m */; };
		8A5191A71EE5023300F37A3B /* Assets.xcassets in Resources */ = {isa = PBXBuildFile; fileRef = 8A5191A61EE5023300F37A3B /* Assets.xcassets */; };
		8A5191AA1EE5023300F37A3B /* LaunchScreen.storyboard in Resources */ = {isa = PBXBuildFile; fileRef = 8A5191A81EE5023300F37A3B /* LaunchScreen.storyboard */; };
		8A5191BD1EE503B500F37A3B /* BCTabBarController.m in Sources */ = {isa = PBXBuildFile; fileRef = 8A5191B81EE503B500F37A3B /* BCTabBarController.m */; };
		8A5191BE1EE503B500F37A3B /* BCTableView.m in Sources */ = {isa = PBXBuildFile; fileRef = 8A5191BA1EE503B500F37A3B /* BCTableView.m */; };
		8A5191BF1EE503B500F37A3B /* BCViewController.m in Sources */ = {isa = PBXBuildFile; fileRef = 8A5191BC1EE503B500F37A3B /* BCViewController.m */; };
		8A5191C41EE503E100F37A3B /* LoginController.m in Sources */ = {isa = PBXBuildFile; fileRef = 8A5191C21EE503E100F37A3B /* LoginController.m */; };
		8A5191C51EE503E100F37A3B /* LoginController.xib in Resources */ = {isa = PBXBuildFile; fileRef = 8A5191C31EE503E100F37A3B /* LoginController.xib */; };
		8A5191C81EE507D500F37A3B /* VerificationCodeView.m in Sources */ = {isa = PBXBuildFile; fileRef = 8A5191C71EE507D500F37A3B /* VerificationCodeView.m */; };
		8A5191CF1EE50CDD00F37A3B /* LocationController.m in Sources */ = {isa = PBXBuildFile; fileRef = 8A5191CD1EE50CDD00F37A3B /* LocationController.m */; };
		8A5191D01EE50CDD00F37A3B /* LocationController.xib in Resources */ = {isa = PBXBuildFile; fileRef = 8A5191CE1EE50CDD00F37A3B /* LocationController.xib */; };
		8A5191D41EE50CEA00F37A3B /* RouteController.m in Sources */ = {isa = PBXBuildFile; fileRef = 8A5191D21EE50CEA00F37A3B /* RouteController.m */; };
		8A5191D51EE50CEA00F37A3B /* RouteController.xib in Resources */ = {isa = PBXBuildFile; fileRef = 8A5191D31EE50CEA00F37A3B /* RouteController.xib */; };
		8A5191D91EE50CF600F37A3B /* RecordController.m in Sources */ = {isa = PBXBuildFile; fileRef = 8A5191D71EE50CF600F37A3B /* RecordController.m */; };
		8A5191DA1EE50CF600F37A3B /* RecordController.xib in Resources */ = {isa = PBXBuildFile; fileRef = 8A5191D81EE50CF600F37A3B /* RecordController.xib */; };
		8A5191DE1EE50D0400F37A3B /* RelativeController.m in Sources */ = {isa = PBXBuildFile; fileRef = 8A5191DC1EE50D0400F37A3B /* RelativeController.m */; };
		8A5191DF1EE50D0400F37A3B /* RelativeController.xib in Resources */ = {isa = PBXBuildFile; fileRef = 8A5191DD1EE50D0400F37A3B /* RelativeController.xib */; };
		8A5191E31EE50D1000F37A3B /* WhiteListController.m in Sources */ = {isa = PBXBuildFile; fileRef = 8A5191E11EE50D1000F37A3B /* WhiteListController.m */; };
		8A5191E41EE50D1000F37A3B /* WhiteListController.xib in Resources */ = {isa = PBXBuildFile; fileRef = 8A5191E21EE50D1000F37A3B /* WhiteListController.xib */; };
		8A87179B1EE677A4001E0709 /* MyCalendarItem.m in Sources */ = {isa = PBXBuildFile; fileRef = 8A87179A1EE677A4001E0709 /* MyCalendarItem.m */; };
		8A8717AC1EE6DA55001E0709 /* RecordCell.m in Sources */ = {isa = PBXBuildFile; fileRef = 8A8717AA1EE6DA55001E0709 /* RecordCell.m */; };
		8A8717AD1EE6DA55001E0709 /* RecordCell.xib in Resources */ = {isa = PBXBuildFile; fileRef = 8A8717AB1EE6DA55001E0709 /* RecordCell.xib */; };
		8A8717B01EE6DFAA001E0709 /* Route.m in Sources */ = {isa = PBXBuildFile; fileRef = 8A8717AF1EE6DFAA001E0709 /* Route.m */; };
		8A9D26FA1EE6E6AB00B3F02D /* RouteAnimatedAnnotation.m in Sources */ = {isa = PBXBuildFile; fileRef = 8A9D26F91EE6E6AB00B3F02D /* RouteAnimatedAnnotation.m */; };
/* End PBXBuildFile section */

/* Begin PBXFileReference section */
		0B53506FD913573D4BA70D39 /* Pods-DuDou.debug.xcconfig */ = {isa = PBXFileReference; includeInIndex = 1; lastKnownFileType = text.xcconfig; name = "Pods-DuDou.debug.xcconfig"; path = "Pods/Target Support Files/Pods-DuDou/Pods-DuDou.debug.xcconfig"; sourceTree = "<group>"; };
		8A09AE5F1EE64C160088DE47 /* AddWhiteListController.h */ = {isa = PBXFileReference; fileEncoding = 4; lastKnownFileType = sourcecode.c.h; path = AddWhiteListController.h; sourceTree = "<group>"; };
		8A09AE601EE64C160088DE47 /* AddWhiteListController.m */ = {isa = PBXFileReference; fileEncoding = 4; lastKnownFileType = sourcecode.c.objc; path = AddWhiteListController.m; sourceTree = "<group>"; };
		8A09AE611EE64C160088DE47 /* AddWhiteListController.xib */ = {isa = PBXFileReference; fileEncoding = 4; lastKnownFileType = file.xib; path = AddWhiteListController.xib; sourceTree = "<group>"; };
		8A0E17DE1EE58F1800A02DFA /* DataCenter.h */ = {isa = PBXFileReference; fileEncoding = 4; lastKnownFileType = sourcecode.c.h; path = DataCenter.h; sourceTree = "<group>"; };
		8A0E17DF1EE58F1800A02DFA /* DataCenter.m */ = {isa = PBXFileReference; fileEncoding = 4; lastKnownFileType = sourcecode.c.objc; path = DataCenter.m; sourceTree = "<group>"; };
		8A0E17E11EE5B59800A02DFA /* Student.h */ = {isa = PBXFileReference; fileEncoding = 4; lastKnownFileType = sourcecode.c.h; path = Student.h; sourceTree = "<group>"; };
		8A0E17E21EE5B59800A02DFA /* Student.m */ = {isa = PBXFileReference; fileEncoding = 4; lastKnownFileType = sourcecode.c.objc; path = Student.m; sourceTree = "<group>"; };
		8A0E17E41EE5B6A200A02DFA /* UIView+YLCategory.h */ = {isa = PBXFileReference; fileEncoding = 4; lastKnownFileType = sourcecode.c.h; path = "UIView+YLCategory.h"; sourceTree = "<group>"; };
		8A0E17E51EE5B6A200A02DFA /* UIView+YLCategory.m */ = {isa = PBXFileReference; fileEncoding = 4; lastKnownFileType = sourcecode.c.objc; path = "UIView+YLCategory.m"; sourceTree = "<group>"; };
		8A0E17FE1EE5BDFB00A02DFA /* NIDropDown.h */ = {isa = PBXFileReference; fileEncoding = 4; lastKnownFileType = sourcecode.c.h; path = NIDropDown.h; sourceTree = "<group>"; };
		8A0E17FF1EE5BDFB00A02DFA /* NIDropDown.m */ = {isa = PBXFileReference; fileEncoding = 4; lastKnownFileType = sourcecode.c.objc; path = NIDropDown.m; sourceTree = "<group>"; };
		8A0E18011EE5D88000A02DFA /* NSString+YLCategory.h */ = {isa = PBXFileReference; fileEncoding = 4; lastKnownFileType = sourcecode.c.h; path = "NSString+YLCategory.h"; sourceTree = "<group>"; };
		8A0E18021EE5D88000A02DFA /* NSString+YLCategory.m */ = {isa = PBXFileReference; fileEncoding = 4; lastKnownFileType = sourcecode.c.objc; path = "NSString+YLCategory.m"; sourceTree = "<group>"; };
		8A0E18041EE5DFAC00A02DFA /* Record.h */ = {isa = PBXFileReference; fileEncoding = 4; lastKnownFileType = sourcecode.c.h; path = Record.h; sourceTree = "<group>"; };
		8A0E18051EE5DFAC00A02DFA /* Record.m */ = {isa = PBXFileReference; fileEncoding = 4; lastKnownFileType = sourcecode.c.objc; path = Record.m; sourceTree = "<group>"; };
		8A0E18071EE5E54800A02DFA /* Relative.h */ = {isa = PBXFileReference; fileEncoding = 4; lastKnownFileType = sourcecode.c.h; path = Relative.h; sourceTree = "<group>"; };
		8A0E18081EE5E54800A02DFA /* Relative.m */ = {isa = PBXFileReference; fileEncoding = 4; lastKnownFileType = sourcecode.c.objc; path = Relative.m; sourceTree = "<group>"; };
		8A0E180A1EE5E70300A02DFA /* CommonTableViewCell.h */ = {isa = PBXFileReference; fileEncoding = 4; lastKnownFileType = sourcecode.c.h; path = CommonTableViewCell.h; sourceTree = "<group>"; };
		8A0E180B1EE5E70300A02DFA /* CommonTableViewCell.m */ = {isa = PBXFileReference; fileEncoding = 4; lastKnownFileType = sourcecode.c.objc; path = CommonTableViewCell.m; sourceTree = "<group>"; };
		8A0E180C1EE5E70300A02DFA /* CommonTableViewCell.xib */ = {isa = PBXFileReference; fileEncoding = 4; lastKnownFileType = file.xib; path = CommonTableViewCell.xib; sourceTree = "<group>"; };
		8A5191971EE5023300F37A3B /* DuDou.app */ = {isa = PBXFileReference; explicitFileType = wrapper.application; includeInIndex = 0; path = DuDou.app; sourceTree = BUILT_PRODUCTS_DIR; };
		8A51919B1EE5023300F37A3B /* main.m */ = {isa = PBXFileReference; lastKnownFileType = sourcecode.c.objc; path = main.m; sourceTree = "<group>"; };
		8A51919D1EE5023300F37A3B /* AppDelegate.h */ = {isa = PBXFileReference; lastKnownFileType = sourcecode.c.h; path = AppDelegate.h; sourceTree = "<group>"; };
		8A51919E1EE5023300F37A3B /* AppDelegate.m */ = {isa = PBXFileReference; lastKnownFileType = sourcecode.c.objc; path = AppDelegate.m; sourceTree = "<group>"; };
		8A5191A61EE5023300F37A3B /* Assets.xcassets */ = {isa = PBXFileReference; lastKnownFileType = folder.assetcatalog; path = Assets.xcassets; sourceTree = "<group>"; };
		8A5191A91EE5023300F37A3B /* Base */ = {isa = PBXFileReference; lastKnownFileType = file.storyboard; name = Base; path = Base.lproj/LaunchScreen.storyboard; sourceTree = "<group>"; };
		8A5191AB1EE5023300F37A3B /* Info.plist */ = {isa = PBXFileReference; lastKnownFileType = text.plist.xml; path = Info.plist; sourceTree = "<group>"; };
		8A5191B71EE503B500F37A3B /* BCTabBarController.h */ = {isa = PBXFileReference; fileEncoding = 4; lastKnownFileType = sourcecode.c.h; path = BCTabBarController.h; sourceTree = "<group>"; };
		8A5191B81EE503B500F37A3B /* BCTabBarController.m */ = {isa = PBXFileReference; fileEncoding = 4; lastKnownFileType = sourcecode.c.objc; path = BCTabBarController.m; sourceTree = "<group>"; };
		8A5191B91EE503B500F37A3B /* BCTableView.h */ = {isa = PBXFileReference; fileEncoding = 4; lastKnownFileType = sourcecode.c.h; path = BCTableView.h; sourceTree = "<group>"; };
		8A5191BA1EE503B500F37A3B /* BCTableView.m */ = {isa = PBXFileReference; fileEncoding = 4; lastKnownFileType = sourcecode.c.objc; path = BCTableView.m; sourceTree = "<group>"; };
		8A5191BB1EE503B500F37A3B /* BCViewController.h */ = {isa = PBXFileReference; fileEncoding = 4; lastKnownFileType = sourcecode.c.h; path = BCViewController.h; sourceTree = "<group>"; };
		8A5191BC1EE503B500F37A3B /* BCViewController.m */ = {isa = PBXFileReference; fileEncoding = 4; lastKnownFileType = sourcecode.c.objc; path = BCViewController.m; sourceTree = "<group>"; };
		8A5191C11EE503E100F37A3B /* LoginController.h */ = {isa = PBXFileReference; fileEncoding = 4; lastKnownFileType = sourcecode.c.h; path = LoginController.h; sourceTree = "<group>"; };
		8A5191C21EE503E100F37A3B /* LoginController.m */ = {isa = PBXFileReference; fileEncoding = 4; lastKnownFileType = sourcecode.c.objc; path = LoginController.m; sourceTree = "<group>"; };
		8A5191C31EE503E100F37A3B /* LoginController.xib */ = {isa = PBXFileReference; fileEncoding = 4; lastKnownFileType = file.xib; path = LoginController.xib; sourceTree = "<group>"; };
		8A5191C61EE507D500F37A3B /* VerificationCodeView.h */ = {isa = PBXFileReference; fileEncoding = 4; lastKnownFileType = sourcecode.c.h; path = VerificationCodeView.h; sourceTree = "<group>"; };
		8A5191C71EE507D500F37A3B /* VerificationCodeView.m */ = {isa = PBXFileReference; fileEncoding = 4; lastKnownFileType = sourcecode.c.objc; path = VerificationCodeView.m; sourceTree = "<group>"; };
		8A5191CC1EE50CDD00F37A3B /* LocationController.h */ = {isa = PBXFileReference; fileEncoding = 4; lastKnownFileType = sourcecode.c.h; path = LocationController.h; sourceTree = "<group>"; };
		8A5191CD1EE50CDD00F37A3B /* LocationController.m */ = {isa = PBXFileReference; fileEncoding = 4; lastKnownFileType = sourcecode.c.objc; path = LocationController.m; sourceTree = "<group>"; };
		8A5191CE1EE50CDD00F37A3B /* LocationController.xib */ = {isa = PBXFileReference; fileEncoding = 4; lastKnownFileType = file.xib; path = LocationController.xib; sourceTree = "<group>"; };
		8A5191D11EE50CEA00F37A3B /* RouteController.h */ = {isa = PBXFileReference; fileEncoding = 4; lastKnownFileType = sourcecode.c.h; path = RouteController.h; sourceTree = "<group>"; };
		8A5191D21EE50CEA00F37A3B /* RouteController.m */ = {isa = PBXFileReference; fileEncoding = 4; lastKnownFileType = sourcecode.c.objc; path = RouteController.m; sourceTree = "<group>"; };
		8A5191D31EE50CEA00F37A3B /* RouteController.xib */ = {isa = PBXFileReference; fileEncoding = 4; lastKnownFileType = file.xib; path = RouteController.xib; sourceTree = "<group>"; };
		8A5191D61EE50CF600F37A3B /* RecordController.h */ = {isa = PBXFileReference; fileEncoding = 4; lastKnownFileType = sourcecode.c.h; path = RecordController.h; sourceTree = "<group>"; };
		8A5191D71EE50CF600F37A3B /* RecordController.m */ = {isa = PBXFileReference; fileEncoding = 4; lastKnownFileType = sourcecode.c.objc; path = RecordController.m; sourceTree = "<group>"; };
		8A5191D81EE50CF600F37A3B /* RecordController.xib */ = {isa = PBXFileReference; fileEncoding = 4; lastKnownFileType = file.xib; path = RecordController.xib; sourceTree = "<group>"; };
		8A5191DB1EE50D0400F37A3B /* RelativeController.h */ = {isa = PBXFileReference; fileEncoding = 4; lastKnownFileType = sourcecode.c.h; path = RelativeController.h; sourceTree = "<group>"; };
		8A5191DC1EE50D0400F37A3B /* RelativeController.m */ = {isa = PBXFileReference; fileEncoding = 4; lastKnownFileType = sourcecode.c.objc; path = RelativeController.m; sourceTree = "<group>"; };
		8A5191DD1EE50D0400F37A3B /* RelativeController.xib */ = {isa = PBXFileReference; fileEncoding = 4; lastKnownFileType = file.xib; path = RelativeController.xib; sourceTree = "<group>"; };
		8A5191E01EE50D1000F37A3B /* WhiteListController.h */ = {isa = PBXFileReference; fileEncoding = 4; lastKnownFileType = sourcecode.c.h; path = WhiteListController.h; sourceTree = "<group>"; };
		8A5191E11EE50D1000F37A3B /* WhiteListController.m */ = {isa = PBXFileReference; fileEncoding = 4; lastKnownFileType = sourcecode.c.objc; path = WhiteListController.m; sourceTree = "<group>"; };
		8A5191E21EE50D1000F37A3B /* WhiteListController.xib */ = {isa = PBXFileReference; fileEncoding = 4; lastKnownFileType = file.xib; path = WhiteListController.xib; sourceTree = "<group>"; };
		8A5191E51EE50F3800F37A3B /* DuDouPCH.pch */ = {isa = PBXFileReference; lastKnownFileType = sourcecode.c.h; path = DuDouPCH.pch; sourceTree = SOURCE_ROOT; };
		8A8717991EE677A4001E0709 /* MyCalendarItem.h */ = {isa = PBXFileReference; fileEncoding = 4; lastKnownFileType = sourcecode.c.h; path = MyCalendarItem.h; sourceTree = "<group>"; };
		8A87179A1EE677A4001E0709 /* MyCalendarItem.m */ = {isa = PBXFileReference; fileEncoding = 4; lastKnownFileType = sourcecode.c.objc; path = MyCalendarItem.m; sourceTree = "<group>"; };
		8A8717A91EE6DA55001E0709 /* RecordCell.h */ = {isa = PBXFileReference; fileEncoding = 4; lastKnownFileType = sourcecode.c.h; name = RecordCell.h; path = DuDou/RecordCell.h; sourceTree = "<group>"; };
		8A8717AA1EE6DA55001E0709 /* RecordCell.m */ = {isa = PBXFileReference; fileEncoding = 4; lastKnownFileType = sourcecode.c.objc; name = RecordCell.m; path = DuDou/RecordCell.m; sourceTree = "<group>"; };
		8A8717AB1EE6DA55001E0709 /* RecordCell.xib */ = {isa = PBXFileReference; fileEncoding = 4; lastKnownFileType = file.xib; name = RecordCell.xib; path = DuDou/RecordCell.xib; sourceTree = "<group>"; };
		8A8717AE1EE6DFAA001E0709 /* Route.h */ = {isa = PBXFileReference; fileEncoding = 4; lastKnownFileType = sourcecode.c.h; path = Route.h; sourceTree = "<group>"; };
		8A8717AF1EE6DFAA001E0709 /* Route.m */ = {isa = PBXFileReference; fileEncoding = 4; lastKnownFileType = sourcecode.c.objc; path = Route.m; sourceTree = "<group>"; };
		8A9D26F81EE6E6AB00B3F02D /* RouteAnimatedAnnotation.h */ = {isa = PBXFileReference; fileEncoding = 4; lastKnownFileType = sourcecode.c.h; path = RouteAnimatedAnnotation.h; sourceTree = "<group>"; };
		8A9D26F91EE6E6AB00B3F02D /* RouteAnimatedAnnotation.m */ = {isa = PBXFileReference; fileEncoding = 4; lastKnownFileType = sourcecode.c.objc; path = RouteAnimatedAnnotation.m; sourceTree = "<group>"; };
		A3610A2B6A6AB56D642E96EA /* Pods-DuDou.release.xcconfig */ = {isa = PBXFileReference; includeInIndex = 1; lastKnownFileType = text.xcconfig; name = "Pods-DuDou.release.xcconfig"; path = "Pods/Target Support Files/Pods-DuDou/Pods-DuDou.release.xcconfig"; sourceTree = "<group>"; };
		C629C30871D8614D5E1AC51E /* libPods-DuDou.a */ = {isa = PBXFileReference; explicitFileType = archive.ar; includeInIndex = 0; path = "libPods-DuDou.a"; sourceTree = BUILT_PRODUCTS_DIR; };
/* End PBXFileReference section */

/* Begin PBXFrameworksBuildPhase section */
		8A5191941EE5023300F37A3B /* Frameworks */ = {
			isa = PBXFrameworksBuildPhase;
			buildActionMask = 2147483647;
			files = (
				764D2571F7918BD53812CA2F /* libPods-DuDou.a in Frameworks */,
			);
			runOnlyForDeploymentPostprocessing = 0;
		};
/* End PBXFrameworksBuildPhase section */

/* Begin PBXGroup section */
		4894EE936EF19C5A01EFC13E /* Pods */ = {
			isa = PBXGroup;
			children = (
				0B53506FD913573D4BA70D39 /* Pods-DuDou.debug.xcconfig */,
				A3610A2B6A6AB56D642E96EA /* Pods-DuDou.release.xcconfig */,
			);
			name = Pods;
			sourceTree = "<group>";
		};
		8A0E17DD1EE58ED900A02DFA /* DataCenter */ = {
			isa = PBXGroup;
			children = (
				8A0E17DE1EE58F1800A02DFA /* DataCenter.h */,
				8A0E17DF1EE58F1800A02DFA /* DataCenter.m */,
			);
			name = DataCenter;
			sourceTree = "<group>";
		};
		8A0E17E71EE5B6AE00A02DFA /* YLCategory */ = {
			isa = PBXGroup;
			children = (
				8A0E18011EE5D88000A02DFA /* NSString+YLCategory.h */,
				8A0E18021EE5D88000A02DFA /* NSString+YLCategory.m */,
				8A0E17E41EE5B6A200A02DFA /* UIView+YLCategory.h */,
				8A0E17E51EE5B6A200A02DFA /* UIView+YLCategory.m */,
			);
			name = YLCategory;
			sourceTree = "<group>";
		};
		8A0E17E81EE5BDB700A02DFA /* Vender */ = {
			isa = PBXGroup;
			children = (
				8A1E46B71EE65E9300AB79A2 /* Calenda */,
				8A0E17E91EE5BDDE00A02DFA /* NIDropDown */,
			);
			name = Vender;
			sourceTree = "<group>";
		};
		8A0E17E91EE5BDDE00A02DFA /* NIDropDown */ = {
			isa = PBXGroup;
			children = (
				8A0E17FE1EE5BDFB00A02DFA /* NIDropDown.h */,
				8A0E17FF1EE5BDFB00A02DFA /* NIDropDown.m */,
			);
			path = NIDropDown;
			sourceTree = "<group>";
		};
		8A1E46B71EE65E9300AB79A2 /* Calenda */ = {
			isa = PBXGroup;
			children = (
				8A8717991EE677A4001E0709 /* MyCalendarItem.h */,
				8A87179A1EE677A4001E0709 /* MyCalendarItem.m */,
			);
			name = Calenda;
			sourceTree = "<group>";
		};
		8A51918E1EE5023300F37A3B = {
			isa = PBXGroup;
			children = (
				8A5191991EE5023300F37A3B /* DuDou */,
				8A5191981EE5023300F37A3B /* Products */,
				4894EE936EF19C5A01EFC13E /* Pods */,
				E31017B51500EFB1D5E24F5E /* Frameworks */,
			);
			sourceTree = "<group>";
		};
		8A5191981EE5023300F37A3B /* Products */ = {
			isa = PBXGroup;
			children = (
				8A5191971EE5023300F37A3B /* DuDou.app */,
			);
			name = Products;
			sourceTree = "<group>";
		};
		8A5191991EE5023300F37A3B /* DuDou */ = {
			isa = PBXGroup;
			children = (
				8A51919D1EE5023300F37A3B /* AppDelegate.h */,
				8A51919E1EE5023300F37A3B /* AppDelegate.m */,
				8A5191C01EE503CE00F37A3B /* Login */,
				8A5191B61EE503B500F37A3B /* BaseClass */,
				8A5191B11EE5028E00F37A3B /* Location */,
				8A5191B21EE502A400F37A3B /* Route */,
				8A5191B31EE502CE00F37A3B /* Record */,
				8A5191B41EE502DF00F37A3B /* RelativeNumber */,
				8A5191B51EE5032000F37A3B /* WhiteList */,
				8A0E17DD1EE58ED900A02DFA /* DataCenter */,
				8A0E17E71EE5B6AE00A02DFA /* YLCategory */,
				8A0E17E81EE5BDB700A02DFA /* Vender */,
				8A5191A61EE5023300F37A3B /* Assets.xcassets */,
				8A5191A81EE5023300F37A3B /* LaunchScreen.storyboard */,
				8A5191E51EE50F3800F37A3B /* DuDouPCH.pch */,
				8A5191AB1EE5023300F37A3B /* Info.plist */,
				8A51919A1EE5023300F37A3B /* Supporting Files */,
			);
			path = DuDou;
			sourceTree = "<group>";
		};
		8A51919A1EE5023300F37A3B /* Supporting Files */ = {
			isa = PBXGroup;
			children = (
				8A51919B1EE5023300F37A3B /* main.m */,
			);
			name = "Supporting Files";
			sourceTree = "<group>";
		};
		8A5191B11EE5028E00F37A3B /* Location */ = {
			isa = PBXGroup;
			children = (
				8A5191CC1EE50CDD00F37A3B /* LocationController.h */,
				8A5191CD1EE50CDD00F37A3B /* LocationController.m */,
				8A5191CE1EE50CDD00F37A3B /* LocationController.xib */,
				8A0E17E11EE5B59800A02DFA /* Student.h */,
				8A0E17E21EE5B59800A02DFA /* Student.m */,
			);
			name = Location;
			sourceTree = "<group>";
		};
		8A5191B21EE502A400F37A3B /* Route */ = {
			isa = PBXGroup;
			children = (
				8A5191D11EE50CEA00F37A3B /* RouteController.h */,
				8A5191D21EE50CEA00F37A3B /* RouteController.m */,
				8A5191D31EE50CEA00F37A3B /* RouteController.xib */,
				8A8717AE1EE6DFAA001E0709 /* Route.h */,
				8A8717AF1EE6DFAA001E0709 /* Route.m */,
				8A9D26F81EE6E6AB00B3F02D /* RouteAnimatedAnnotation.h */,
				8A9D26F91EE6E6AB00B3F02D /* RouteAnimatedAnnotation.m */,
			);
			name = Route;
			sourceTree = "<group>";
		};
		8A5191B31EE502CE00F37A3B /* Record */ = {
			isa = PBXGroup;
			children = (
				8A5191D61EE50CF600F37A3B /* RecordController.h */,
				8A5191D71EE50CF600F37A3B /* RecordController.m */,
				8A0E18041EE5DFAC00A02DFA /* Record.h */,
				8A0E18051EE5DFAC00A02DFA /* Record.m */,
				8A5191D81EE50CF600F37A3B /* RecordController.xib */,
				8A8717A91EE6DA55001E0709 /* RecordCell.h */,
				8A8717AA1EE6DA55001E0709 /* RecordCell.m */,
				8A8717AB1EE6DA55001E0709 /* RecordCell.xib */,
			);
			name = Record;
			path = ..;
			sourceTree = "<group>";
		};
		8A5191B41EE502DF00F37A3B /* RelativeNumber */ = {
			isa = PBXGroup;
			children = (
				8A5191DB1EE50D0400F37A3B /* RelativeController.h */,
				8A5191DC1EE50D0400F37A3B /* RelativeController.m */,
				8A0E18071EE5E54800A02DFA /* Relative.h */,
				8A0E18081EE5E54800A02DFA /* Relative.m */,
				8A5191DD1EE50D0400F37A3B /* RelativeController.xib */,
				8A0E180A1EE5E70300A02DFA /* CommonTableViewCell.h */,
				8A0E180B1EE5E70300A02DFA /* CommonTableViewCell.m */,
				8A0E180C1EE5E70300A02DFA /* CommonTableViewCell.xib */,
			);
			name = RelativeNumber;
			sourceTree = "<group>";
		};
		8A5191B51EE5032000F37A3B /* WhiteList */ = {
			isa = PBXGroup;
			children = (
				8A5191E01EE50D1000F37A3B /* WhiteListController.h */,
				8A5191E11EE50D1000F37A3B /* WhiteListController.m */,
				8A5191E21EE50D1000F37A3B /* WhiteListController.xib */,
				8A09AE5F1EE64C160088DE47 /* AddWhiteListController.h */,
				8A09AE601EE64C160088DE47 /* AddWhiteListController.m */,
				8A09AE611EE64C160088DE47 /* AddWhiteListController.xib */,
			);
			name = WhiteList;
			sourceTree = "<group>";
		};
		8A5191B61EE503B500F37A3B /* BaseClass */ = {
			isa = PBXGroup;
			children = (
				8A5191B71EE503B500F37A3B /* BCTabBarController.h */,
				8A5191B81EE503B500F37A3B /* BCTabBarController.m */,
				8A5191B91EE503B500F37A3B /* BCTableView.h */,
				8A5191BA1EE503B500F37A3B /* BCTableView.m */,
				8A5191BB1EE503B500F37A3B /* BCViewController.h */,
				8A5191BC1EE503B500F37A3B /* BCViewController.m */,
			);
			path = BaseClass;
			sourceTree = "<group>";
		};
		8A5191C01EE503CE00F37A3B /* Login */ = {
			isa = PBXGroup;
			children = (
				8A5191C11EE503E100F37A3B /* LoginController.h */,
				8A5191C21EE503E100F37A3B /* LoginController.m */,
				8A5191C61EE507D500F37A3B /* VerificationCodeView.h */,
				8A5191C71EE507D500F37A3B /* VerificationCodeView.m */,
				8A5191C31EE503E100F37A3B /* LoginController.xib */,
			);
			name = Login;
			sourceTree = "<group>";
		};
		E31017B51500EFB1D5E24F5E /* Frameworks */ = {
			isa = PBXGroup;
			children = (
				C629C30871D8614D5E1AC51E /* libPods-DuDou.a */,
			);
			name = Frameworks;
			sourceTree = "<group>";
		};
/* End PBXGroup section */

/* Begin PBXNativeTarget section */
		8A5191961EE5023300F37A3B /* DuDou */ = {
			isa = PBXNativeTarget;
			buildConfigurationList = 8A5191AE1EE5023300F37A3B /* Build configuration list for PBXNativeTarget "DuDou" */;
			buildPhases = (
				277EDDA646D5CD1247B295C1 /* [CP] Check Pods Manifest.lock */,
				8A5191931EE5023300F37A3B /* Sources */,
				8A5191941EE5023300F37A3B /* Frameworks */,
				8A5191951EE5023300F37A3B /* Resources */,
				C6BC0C3064464C7687519593 /* [CP] Embed Pods Frameworks */,
				956FF9745C88DC244CEA7723 /* [CP] Copy Pods Resources */,
			);
			buildRules = (
			);
			dependencies = (
			);
			name = DuDou;
			productName = DuDou;
			productReference = 8A5191971EE5023300F37A3B /* DuDou.app */;
			productType = "com.apple.product-type.application";
		};
/* End PBXNativeTarget section */

/* Begin PBXProject section */
		8A51918F1EE5023300F37A3B /* Project object */ = {
			isa = PBXProject;
			attributes = {
				LastUpgradeCheck = 0830;
				ORGANIZATIONNAME = GhostShell;
				TargetAttributes = {
					8A5191961EE5023300F37A3B = {
						CreatedOnToolsVersion = 8.3.2;
						DevelopmentTeam = F4JZPRNW5G;
						ProvisioningStyle = Automatic;
					};
				};
			};
			buildConfigurationList = 8A5191921EE5023300F37A3B /* Build configuration list for PBXProject "DuDou" */;
			compatibilityVersion = "Xcode 3.2";
			developmentRegion = English;
			hasScannedForEncodings = 0;
			knownRegions = (
				en,
				Base,
			);
			mainGroup = 8A51918E1EE5023300F37A3B;
			productRefGroup = 8A5191981EE5023300F37A3B /* Products */;
			projectDirPath = "";
			projectRoot = "";
			targets = (
				8A5191961EE5023300F37A3B /* DuDou */,
			);
		};
/* End PBXProject section */

/* Begin PBXResourcesBuildPhase section */
		8A5191951EE5023300F37A3B /* Resources */ = {
			isa = PBXResourcesBuildPhase;
			buildActionMask = 2147483647;
			files = (
				8A5191E41EE50D1000F37A3B /* WhiteListController.xib in Resources */,
				8A0E180E1EE5E70300A02DFA /* CommonTableViewCell.xib in Resources */,
				8A5191AA1EE5023300F37A3B /* LaunchScreen.storyboard in Resources */,
				8A09AE631EE64C160088DE47 /* AddWhiteListController.xib in Resources */,
				8A5191C51EE503E100F37A3B /* LoginController.xib in Resources */,
				8A5191A71EE5023300F37A3B /* Assets.xcassets in Resources */,
				8A5191DA1EE50CF600F37A3B /* RecordController.xib in Resources */,
				8A5191D01EE50CDD00F37A3B /* LocationController.xib in Resources */,
				8A8717AD1EE6DA55001E0709 /* RecordCell.xib in Resources */,
				8A5191D51EE50CEA00F37A3B /* RouteController.xib in Resources */,
				8A5191DF1EE50D0400F37A3B /* RelativeController.xib in Resources */,
			);
			runOnlyForDeploymentPostprocessing = 0;
		};
/* End PBXResourcesBuildPhase section */

/* Begin PBXShellScriptBuildPhase section */
		277EDDA646D5CD1247B295C1 /* [CP] Check Pods Manifest.lock */ = {
			isa = PBXShellScriptBuildPhase;
			buildActionMask = 2147483647;
			files = (
			);
			inputPaths = (
			);
			name = "[CP] Check Pods Manifest.lock";
			outputPaths = (
			);
			runOnlyForDeploymentPostprocessing = 0;
			shellPath = /bin/sh;
			shellScript = "diff \"${PODS_PODFILE_DIR_PATH}/Podfile.lock\" \"${PODS_ROOT}/Manifest.lock\" > /dev/null\nif [ $? != 0 ] ; then\n    # print error to STDERR\n    echo \"error: The sandbox is not in sync with the Podfile.lock. Run 'pod install' or update your CocoaPods installation.\" >&2\n    exit 1\nfi\n";
			showEnvVarsInLog = 0;
		};
		956FF9745C88DC244CEA7723 /* [CP] Copy Pods Resources */ = {
			isa = PBXShellScriptBuildPhase;
			buildActionMask = 2147483647;
			files = (
			);
			inputPaths = (
			);
			name = "[CP] Copy Pods Resources";
			outputPaths = (
			);
			runOnlyForDeploymentPostprocessing = 0;
			shellPath = /bin/sh;
			shellScript = "\"${SRCROOT}/Pods/Target Support Files/Pods-DuDou/Pods-DuDou-resources.sh\"\n";
			showEnvVarsInLog = 0;
		};
		C6BC0C3064464C7687519593 /* [CP] Embed Pods Frameworks */ = {
			isa = PBXShellScriptBuildPhase;
			buildActionMask = 2147483647;
			files = (
			);
			inputPaths = (
			);
			name = "[CP] Embed Pods Frameworks";
			outputPaths = (
			);
			runOnlyForDeploymentPostprocessing = 0;
			shellPath = /bin/sh;
			shellScript = "\"${SRCROOT}/Pods/Target Support Files/Pods-DuDou/Pods-DuDou-frameworks.sh\"\n";
			showEnvVarsInLog = 0;
		};
/* End PBXShellScriptBuildPhase section */

/* Begin PBXSourcesBuildPhase section */
		8A5191931EE5023300F37A3B /* Sources */ = {
			isa = PBXSourcesBuildPhase;
			buildActionMask = 2147483647;
			files = (
				8A0E18031EE5D88000A02DFA /* NSString+YLCategory.m in Sources */,
				8A5191C41EE503E100F37A3B /* LoginController.m in Sources */,
				8A87179B1EE677A4001E0709 /* MyCalendarItem.m in Sources */,
				8A5191E31EE50D1000F37A3B /* WhiteListController.m in Sources */,
				8A09AE621EE64C160088DE47 /* AddWhiteListController.m in Sources */,
				8A9D26FA1EE6E6AB00B3F02D /* RouteAnimatedAnnotation.m in Sources */,
				8A5191BD1EE503B500F37A3B /* BCTabBarController.m in Sources */,
				8A5191C81EE507D500F37A3B /* VerificationCodeView.m in Sources */,
				8A0E18001EE5BDFB00A02DFA /* NIDropDown.m in Sources */,
				8A51919F1EE5023300F37A3B /* AppDelegate.m in Sources */,
				8A8717B01EE6DFAA001E0709 /* Route.m in Sources */,
				8A5191BF1EE503B500F37A3B /* BCViewController.m in Sources */,
				8A51919C1EE5023300F37A3B /* main.m in Sources */,
				8A0E18091EE5E54800A02DFA /* Relative.m in Sources */,
				8A5191DE1EE50D0400F37A3B /* RelativeController.m in Sources */,
				8A0E18061EE5DFAC00A02DFA /* Record.m in Sources */,
				8A0E180D1EE5E70300A02DFA /* CommonTableViewCell.m in Sources */,
				8A8717AC1EE6DA55001E0709 /* RecordCell.m in Sources */,
				8A5191D41EE50CEA00F37A3B /* RouteController.m in Sources */,
				8A5191BE1EE503B500F37A3B /* BCTableView.m in Sources */,
				8A5191D91EE50CF600F37A3B /* RecordController.m in Sources */,
				8A0E17E31EE5B59800A02DFA /* Student.m in Sources */,
				8A5191CF1EE50CDD00F37A3B /* LocationController.m in Sources */,
				8A0E17E01EE58F1800A02DFA /* DataCenter.m in Sources */,
				8A0E17E61EE5B6A200A02DFA /* UIView+YLCategory.m in Sources */,
			);
			runOnlyForDeploymentPostprocessing = 0;
		};
/* End PBXSourcesBuildPhase section */

/* Begin PBXVariantGroup section */
		8A5191A81EE5023300F37A3B /* LaunchScreen.storyboard */ = {
			isa = PBXVariantGroup;
			children = (
				8A5191A91EE5023300F37A3B /* Base */,
			);
			name = LaunchScreen.storyboard;
			sourceTree = "<group>";
		};
/* End PBXVariantGroup section */

/* Begin XCBuildConfiguration section */
		8A5191AC1EE5023300F37A3B /* Debug */ = {
			isa = XCBuildConfiguration;
			buildSettings = {
				ALWAYS_SEARCH_USER_PATHS = NO;
				CLANG_ANALYZER_NONNULL = YES;
				CLANG_ANALYZER_NUMBER_OBJECT_CONVERSION = YES_AGGRESSIVE;
				CLANG_CXX_LANGUAGE_STANDARD = "gnu++0x";
				CLANG_CXX_LIBRARY = "libc++";
				CLANG_ENABLE_MODULES = YES;
				CLANG_ENABLE_OBJC_ARC = YES;
				CLANG_WARN_BOOL_CONVERSION = YES;
				CLANG_WARN_CONSTANT_CONVERSION = YES;
				CLANG_WARN_DIRECT_OBJC_ISA_USAGE = YES_ERROR;
				CLANG_WARN_DOCUMENTATION_COMMENTS = YES;
				CLANG_WARN_EMPTY_BODY = YES;
				CLANG_WARN_ENUM_CONVERSION = YES;
				CLANG_WARN_INFINITE_RECURSION = YES;
				CLANG_WARN_INT_CONVERSION = YES;
				CLANG_WARN_OBJC_ROOT_CLASS = YES_ERROR;
				CLANG_WARN_SUSPICIOUS_MOVE = YES;
				CLANG_WARN_UNREACHABLE_CODE = YES;
				CLANG_WARN__DUPLICATE_METHOD_MATCH = YES;
				"CODE_SIGN_IDENTITY[sdk=iphoneos*]" = "iPhone Developer";
				COPY_PHASE_STRIP = NO;
				DEBUG_INFORMATION_FORMAT = dwarf;
				ENABLE_STRICT_OBJC_MSGSEND = YES;
				ENABLE_TESTABILITY = YES;
				GCC_C_LANGUAGE_STANDARD = gnu99;
				GCC_DYNAMIC_NO_PIC = NO;
				GCC_NO_COMMON_BLOCKS = YES;
				GCC_OPTIMIZATION_LEVEL = 0;
				GCC_PREPROCESSOR_DEFINITIONS = (
					"DEBUG=1",
					"$(inherited)",
				);
				GCC_WARN_64_TO_32_BIT_CONVERSION = YES;
				GCC_WARN_ABOUT_RETURN_TYPE = YES_ERROR;
				GCC_WARN_UNDECLARED_SELECTOR = YES;
				GCC_WARN_UNINITIALIZED_AUTOS = YES_AGGRESSIVE;
				GCC_WARN_UNUSED_FUNCTION = YES;
				GCC_WARN_UNUSED_VARIABLE = YES;
				IPHONEOS_DEPLOYMENT_TARGET = 10.3;
				MTL_ENABLE_DEBUG_INFO = YES;
				ONLY_ACTIVE_ARCH = YES;
				SDKROOT = iphoneos;
			};
			name = Debug;
		};
		8A5191AD1EE5023300F37A3B /* Release */ = {
			isa = XCBuildConfiguration;
			buildSettings = {
				ALWAYS_SEARCH_USER_PATHS = NO;
				CLANG_ANALYZER_NONNULL = YES;
				CLANG_ANALYZER_NUMBER_OBJECT_CONVERSION = YES_AGGRESSIVE;
				CLANG_CXX_LANGUAGE_STANDARD = "gnu++0x";
				CLANG_CXX_LIBRARY = "libc++";
				CLANG_ENABLE_MODULES = YES;
				CLANG_ENABLE_OBJC_ARC = YES;
				CLANG_WARN_BOOL_CONVERSION = YES;
				CLANG_WARN_CONSTANT_CONVERSION = YES;
				CLANG_WARN_DIRECT_OBJC_ISA_USAGE = YES_ERROR;
				CLANG_WARN_DOCUMENTATION_COMMENTS = YES;
				CLANG_WARN_EMPTY_BODY = YES;
				CLANG_WARN_ENUM_CONVERSION = YES;
				CLANG_WARN_INFINITE_RECURSION = YES;
				CLANG_WARN_INT_CONVERSION = YES;
				CLANG_WARN_OBJC_ROOT_CLASS = YES_ERROR;
				CLANG_WARN_SUSPICIOUS_MOVE = YES;
				CLANG_WARN_UNREACHABLE_CODE = YES;
				CLANG_WARN__DUPLICATE_METHOD_MATCH = YES;
				"CODE_SIGN_IDENTITY[sdk=iphoneos*]" = "iPhone Developer";
				COPY_PHASE_STRIP = NO;
				DEBUG_INFORMATION_FORMAT = "dwarf-with-dsym";
				ENABLE_NS_ASSERTIONS = NO;
				ENABLE_STRICT_OBJC_MSGSEND = YES;
				GCC_C_LANGUAGE_STANDARD = gnu99;
				GCC_NO_COMMON_BLOCKS = YES;
				GCC_WARN_64_TO_32_BIT_CONVERSION = YES;
				GCC_WARN_ABOUT_RETURN_TYPE = YES_ERROR;
				GCC_WARN_UNDECLARED_SELECTOR = YES;
				GCC_WARN_UNINITIALIZED_AUTOS = YES_AGGRESSIVE;
				GCC_WARN_UNUSED_FUNCTION = YES;
				GCC_WARN_UNUSED_VARIABLE = YES;
				IPHONEOS_DEPLOYMENT_TARGET = 10.3;
				MTL_ENABLE_DEBUG_INFO = NO;
				SDKROOT = iphoneos;
				VALIDATE_PRODUCT = YES;
			};
			name = Release;
		};
		8A5191AF1EE5023300F37A3B /* Debug */ = {
			isa = XCBuildConfiguration;
			baseConfigurationReference = 0B53506FD913573D4BA70D39 /* Pods-DuDou.debug.xcconfig */;
			buildSettings = {
				ASSETCATALOG_COMPILER_APPICON_NAME = AppIcon;
				CODE_SIGN_IDENTITY = "";
				"CODE_SIGN_IDENTITY[sdk=iphoneos*]" = "iPhone Developer";
				DEVELOPMENT_TEAM = F4JZPRNW5G;
				ENABLE_BITCODE = NO;
				GCC_PRECOMPILE_PREFIX_HEADER = YES;
				GCC_PREFIX_HEADER = "$(SRCROOT)/DuDouPCH.pch";
				INFOPLIST_FILE = DuDou/Info.plist;
				IPHONEOS_DEPLOYMENT_TARGET = 8.0;
				LD_RUNPATH_SEARCH_PATHS = "$(inherited) @executable_path/Frameworks";
				PRODUCT_BUNDLE_IDENTIFIER = JiuZi.DuDou;
				PRODUCT_NAME = "$(TARGET_NAME)";
			};
			name = Debug;
		};
		8A5191B01EE5023300F37A3B /* Release */ = {
			isa = XCBuildConfiguration;
			baseConfigurationReference = A3610A2B6A6AB56D642E96EA /* Pods-DuDou.release.xcconfig */;
			buildSettings = {
				ASSETCATALOG_COMPILER_APPICON_NAME = AppIcon;
				"CODE_SIGN_IDENTITY[sdk=iphoneos*]" = "iPhone Developer";
				DEVELOPMENT_TEAM = F4JZPRNW5G;
				ENABLE_BITCODE = NO;
				GCC_PRECOMPILE_PREFIX_HEADER = YES;
				GCC_PREFIX_HEADER = "$(SRCROOT)/DuDouPCH.pch";
				INFOPLIST_FILE = DuDou/Info.plist;
				IPHONEOS_DEPLOYMENT_TARGET = 8.0;
				LD_RUNPATH_SEARCH_PATHS = "$(inherited) @executable_path/Frameworks";
				PRODUCT_BUNDLE_IDENTIFIER = JiuZi.DuDou;
				PRODUCT_NAME = "$(TARGET_NAME)";
			};
			name = Release;
		};
/* End XCBuildConfiguration section */

/* Begin XCConfigurationList section */
		8A5191921EE5023300F37A3B /* Build configuration list for PBXProject "DuDou" */ = {
			isa = XCConfigurationList;
			buildConfigurations = (
				8A5191AC1EE5023300F37A3B /* Debug */,
				8A5191AD1EE5023300F37A3B /* Release */,
			);
			defaultConfigurationIsVisible = 0;
			defaultConfigurationName = Release;
		};
		8A5191AE1EE5023300F37A3B /* Build configuration list for PBXNativeTarget "DuDou" */ = {
			isa = XCConfigurationList;
			buildConfigurations = (
				8A5191AF1EE5023300F37A3B /* Debug */,
				8A5191B01EE5023300F37A3B /* Release */,
			);
			defaultConfigurationIsVisible = 0;
			defaultConfigurationName = Release;
		};
/* End XCConfigurationList section */
	};
	rootObject = 8A51918F1EE5023300F37A3B /* Project object */;
}
